<?xml version="1.0" encoding="UTF-8"?>
<CodeBlocks_project_file>
	<FileVersion major="1" minor="6"/>
	<Project>
		<Option title="wfc"/>
		<Option makefile_is_custom="1"/>
		<Option compiler="gcc"/>
		<Option virtualFolders="CMake Files\;"/>
		<Build>
			<Target title="all">
				<Option working_dir="/Users/michael/Library/CloudStorage/OneDrive-WesternReserveAcademy/Pioneer Academics/wfc"/>
				<Option type="4"/>
				<MakeCommands>
					<Build command="/usr/bin/make -j10 -f &quot;/Users/michael/Library/CloudStorage/OneDrive-WesternReserveAcademy/Pioneer\ Academics/wfc/Makefile&quot;  VERBOSE=1 all"/>
					<CompileFile command="/usr/bin/make -j10 -f &quot;/Users/michael/Library/CloudStorage/OneDrive-WesternReserveAcademy/Pioneer\ Academics/wfc/Makefile&quot;  VERBOSE=1 &quot;$file&quot;"/>
					<Clean command="/usr/bin/make -j10 -f &quot;/Users/michael/Library/CloudStorage/OneDrive-WesternReserveAcademy/Pioneer\ Academics/wfc/Makefile&quot;  VERBOSE=1 clean"/>
					<DistClean command="/usr/bin/make -j10 -f &quot;/Users/michael/Library/CloudStorage/OneDrive-WesternReserveAcademy/Pioneer\ Academics/wfc/Makefile&quot;  VERBOSE=1 clean"/>
				</MakeCommands>
			</Target>
			<Target title="edit_cache">
				<Option working_dir="/Users/michael/Library/CloudStorage/OneDrive-WesternReserveAcademy/Pioneer Academics/wfc"/>
				<Option type="4"/>
				<MakeCommands>
					<Build command="/usr/bin/make -j10 -f &quot;/Users/michael/Library/CloudStorage/OneDrive-WesternReserveAcademy/Pioneer\ Academics/wfc/Makefile&quot;  VERBOSE=1 edit_cache"/>
					<CompileFile command="/usr/bin/make -j10 -f &quot;/Users/michael/Library/CloudStorage/OneDrive-WesternReserveAcademy/Pioneer\ Academics/wfc/Makefile&quot;  VERBOSE=1 &quot;$file&quot;"/>
					<Clean command="/usr/bin/make -j10 -f &quot;/Users/michael/Library/CloudStorage/OneDrive-WesternReserveAcademy/Pioneer\ Academics/wfc/Makefile&quot;  VERBOSE=1 clean"/>
					<DistClean command="/usr/bin/make -j10 -f &quot;/Users/michael/Library/CloudStorage/OneDrive-WesternReserveAcademy/Pioneer\ Academics/wfc/Makefile&quot;  VERBOSE=1 clean"/>
				</MakeCommands>
			</Target>
			<Target title="rebuild_cache">
				<Option working_dir="/Users/michael/Library/CloudStorage/OneDrive-WesternReserveAcademy/Pioneer Academics/wfc"/>
				<Option type="4"/>
				<MakeCommands>
					<Build command="/usr/bin/make -j10 -f &quot;/Users/michael/Library/CloudStorage/OneDrive-WesternReserveAcademy/Pioneer\ Academics/wfc/Makefile&quot;  VERBOSE=1 rebuild_cache"/>
					<CompileFile command="/usr/bin/make -j10 -f &quot;/Users/michael/Library/CloudStorage/OneDrive-WesternReserveAcademy/Pioneer\ Academics/wfc/Makefile&quot;  VERBOSE=1 &quot;$file&quot;"/>
					<Clean command="/usr/bin/make -j10 -f &quot;/Users/michael/Library/CloudStorage/OneDrive-WesternReserveAcademy/Pioneer\ Academics/wfc/Makefile&quot;  VERBOSE=1 clean"/>
					<DistClean command="/usr/bin/make -j10 -f &quot;/Users/michael/Library/CloudStorage/OneDrive-WesternReserveAcademy/Pioneer\ Academics/wfc/Makefile&quot;  VERBOSE=1 clean"/>
				</MakeCommands>
			</Target>
			<Target title="mcts">
				<Option output="/Users/michael/Library/CloudStorage/OneDrive-WesternReserveAcademy/Pioneer Academics/wfc/mcts" prefix_auto="0" extension_auto="0"/>
				<Option working_dir="/Users/michael/Library/CloudStorage/OneDrive-WesternReserveAcademy/Pioneer Academics/wfc"/>
				<Option object_output="./"/>
				<Option type="1"/>
				<Option compiler="gcc"/>
				<Compiler>
					<Add directory="/Library/Developer/CommandLineTools/usr/bin/../include/c++/v1"/>
					<Add directory="/usr/local/include"/>
					<Add directory="/Library/Developer/CommandLineTools/usr/lib/clang/13.1.6/include"/>
					<Add directory="/Library/Developer/CommandLineTools/usr/include"/>
					<Add directory="/System/Library/Frameworks"/>
					<Add directory="/Library/Frameworks"/>
				</Compiler>
				<MakeCommands>
					<Build command="/usr/bin/make -j10 -f &quot;/Users/michael/Library/CloudStorage/OneDrive-WesternReserveAcademy/Pioneer\ Academics/wfc/Makefile&quot;  VERBOSE=1 mcts"/>
					<CompileFile command="/usr/bin/make -j10 -f &quot;/Users/michael/Library/CloudStorage/OneDrive-WesternReserveAcademy/Pioneer\ Academics/wfc/Makefile&quot;  VERBOSE=1 &quot;$file&quot;"/>
					<Clean command="/usr/bin/make -j10 -f &quot;/Users/michael/Library/CloudStorage/OneDrive-WesternReserveAcademy/Pioneer\ Academics/wfc/Makefile&quot;  VERBOSE=1 clean"/>
					<DistClean command="/usr/bin/make -j10 -f &quot;/Users/michael/Library/CloudStorage/OneDrive-WesternReserveAcademy/Pioneer\ Academics/wfc/Makefile&quot;  VERBOSE=1 clean"/>
				</MakeCommands>
			</Target>
			<Target title="mcts/fast">
				<Option output="/Users/michael/Library/CloudStorage/OneDrive-WesternReserveAcademy/Pioneer Academics/wfc/mcts" prefix_auto="0" extension_auto="0"/>
				<Option working_dir="/Users/michael/Library/CloudStorage/OneDrive-WesternReserveAcademy/Pioneer Academics/wfc"/>
				<Option object_output="./"/>
				<Option type="1"/>
				<Option compiler="gcc"/>
				<Compiler>
					<Add directory="/Library/Developer/CommandLineTools/usr/bin/../include/c++/v1"/>
					<Add directory="/usr/local/include"/>
					<Add directory="/Library/Developer/CommandLineTools/usr/lib/clang/13.1.6/include"/>
					<Add directory="/Library/Developer/CommandLineTools/usr/include"/>
					<Add directory="/System/Library/Frameworks"/>
					<Add directory="/Library/Frameworks"/>
				</Compiler>
				<MakeCommands>
					<Build command="/usr/bin/make -j10 -f &quot;/Users/michael/Library/CloudStorage/OneDrive-WesternReserveAcademy/Pioneer\ Academics/wfc/Makefile&quot;  VERBOSE=1 mcts/fast"/>
					<CompileFile command="/usr/bin/make -j10 -f &quot;/Users/michael/Library/CloudStorage/OneDrive-WesternReserveAcademy/Pioneer\ Academics/wfc/Makefile&quot;  VERBOSE=1 &quot;$file&quot;"/>
					<Clean command="/usr/bin/make -j10 -f &quot;/Users/michael/Library/CloudStorage/OneDrive-WesternReserveAcademy/Pioneer\ Academics/wfc/Makefile&quot;  VERBOSE=1 clean"/>
					<DistClean command="/usr/bin/make -j10 -f &quot;/Users/michael/Library/CloudStorage/OneDrive-WesternReserveAcademy/Pioneer\ Academics/wfc/Makefile&quot;  VERBOSE=1 clean"/>
				</MakeCommands>
			</Target>
			<Target title="check">
				<Option output="/Users/michael/Library/CloudStorage/OneDrive-WesternReserveAcademy/Pioneer Academics/wfc/check" prefix_auto="0" extension_auto="0"/>
				<Option working_dir="/Users/michael/Library/CloudStorage/OneDrive-WesternReserveAcademy/Pioneer Academics/wfc"/>
				<Option object_output="./"/>
				<Option type="1"/>
				<Option compiler="gcc"/>
				<Compiler>
					<Add directory="/Library/Developer/CommandLineTools/usr/bin/../include/c++/v1"/>
					<Add directory="/usr/local/include"/>
					<Add directory="/Library/Developer/CommandLineTools/usr/lib/clang/13.1.6/include"/>
					<Add directory="/Library/Developer/CommandLineTools/usr/include"/>
					<Add directory="/System/Library/Frameworks"/>
					<Add directory="/Library/Frameworks"/>
				</Compiler>
				<MakeCommands>
					<Build command="/usr/bin/make -j10 -f &quot;/Users/michael/Library/CloudStorage/OneDrive-WesternReserveAcademy/Pioneer\ Academics/wfc/Makefile&quot;  VERBOSE=1 check"/>
					<CompileFile command="/usr/bin/make -j10 -f &quot;/Users/michael/Library/CloudStorage/OneDrive-WesternReserveAcademy/Pioneer\ Academics/wfc/Makefile&quot;  VERBOSE=1 &quot;$file&quot;"/>
					<Clean command="/usr/bin/make -j10 -f &quot;/Users/michael/Library/CloudStorage/OneDrive-WesternReserveAcademy/Pioneer\ Academics/wfc/Makefile&quot;  VERBOSE=1 clean"/>
					<DistClean command="/usr/bin/make -j10 -f &quot;/Users/michael/Library/CloudStorage/OneDrive-WesternReserveAcademy/Pioneer\ Academics/wfc/Makefile&quot;  VERBOSE=1 clean"/>
				</MakeCommands>
			</Target>
			<Target title="check/fast">
				<Option output="/Users/michael/Library/CloudStorage/OneDrive-WesternReserveAcademy/Pioneer Academics/wfc/check" prefix_auto="0" extension_auto="0"/>
				<Option working_dir="/Users/michael/Library/CloudStorage/OneDrive-WesternReserveAcademy/Pioneer Academics/wfc"/>
				<Option object_output="./"/>
				<Option type="1"/>
				<Option compiler="gcc"/>
				<Compiler>
					<Add directory="/Library/Developer/CommandLineTools/usr/bin/../include/c++/v1"/>
					<Add directory="/usr/local/include"/>
					<Add directory="/Library/Developer/CommandLineTools/usr/lib/clang/13.1.6/include"/>
					<Add directory="/Library/Developer/CommandLineTools/usr/include"/>
					<Add directory="/System/Library/Frameworks"/>
					<Add directory="/Library/Frameworks"/>
				</Compiler>
				<MakeCommands>
					<Build command="/usr/bin/make -j10 -f &quot;/Users/michael/Library/CloudStorage/OneDrive-WesternReserveAcademy/Pioneer\ Academics/wfc/Makefile&quot;  VERBOSE=1 check/fast"/>
					<CompileFile command="/usr/bin/make -j10 -f &quot;/Users/michael/Library/CloudStorage/OneDrive-WesternReserveAcademy/Pioneer\ Academics/wfc/Makefile&quot;  VERBOSE=1 &quot;$file&quot;"/>
					<Clean command="/usr/bin/make -j10 -f &quot;/Users/michael/Library/CloudStorage/OneDrive-WesternReserveAcademy/Pioneer\ Academics/wfc/Makefile&quot;  VERBOSE=1 clean"/>
					<DistClean command="/usr/bin/make -j10 -f &quot;/Users/michael/Library/CloudStorage/OneDrive-WesternReserveAcademy/Pioneer\ Academics/wfc/Makefile&quot;  VERBOSE=1 clean"/>
				</MakeCommands>
			</Target>
			<Target title="rand">
				<Option output="/Users/michael/Library/CloudStorage/OneDrive-WesternReserveAcademy/Pioneer Academics/wfc/rand" prefix_auto="0" extension_auto="0"/>
				<Option working_dir="/Users/michael/Library/CloudStorage/OneDrive-WesternReserveAcademy/Pioneer Academics/wfc"/>
				<Option object_output="./"/>
				<Option type="1"/>
				<Option compiler="gcc"/>
				<Compiler>
					<Add directory="/Library/Developer/CommandLineTools/usr/bin/../include/c++/v1"/>
					<Add directory="/usr/local/include"/>
					<Add directory="/Library/Developer/CommandLineTools/usr/lib/clang/13.1.6/include"/>
					<Add directory="/Library/Developer/CommandLineTools/usr/include"/>
					<Add directory="/System/Library/Frameworks"/>
					<Add directory="/Library/Frameworks"/>
				</Compiler>
				<MakeCommands>
					<Build command="/usr/bin/make -j10 -f &quot;/Users/michael/Library/CloudStorage/OneDrive-WesternReserveAcademy/Pioneer\ Academics/wfc/Makefile&quot;  VERBOSE=1 rand"/>
					<CompileFile command="/usr/bin/make -j10 -f &quot;/Users/michael/Library/CloudStorage/OneDrive-WesternReserveAcademy/Pioneer\ Academics/wfc/Makefile&quot;  VERBOSE=1 &quot;$file&quot;"/>
					<Clean command="/usr/bin/make -j10 -f &quot;/Users/michael/Library/CloudStorage/OneDrive-WesternReserveAcademy/Pioneer\ Academics/wfc/Makefile&quot;  VERBOSE=1 clean"/>
					<DistClean command="/usr/bin/make -j10 -f &quot;/Users/michael/Library/CloudStorage/OneDrive-WesternReserveAcademy/Pioneer\ Academics/wfc/Makefile&quot;  VERBOSE=1 clean"/>
				</MakeCommands>
			</Target>
			<Target title="rand/fast">
				<Option output="/Users/michael/Library/CloudStorage/OneDrive-WesternReserveAcademy/Pioneer Academics/wfc/rand" prefix_auto="0" extension_auto="0"/>
				<Option working_dir="/Users/michael/Library/CloudStorage/OneDrive-WesternReserveAcademy/Pioneer Academics/wfc"/>
				<Option object_output="./"/>
				<Option type="1"/>
				<Option compiler="gcc"/>
				<Compiler>
					<Add directory="/Library/Developer/CommandLineTools/usr/bin/../include/c++/v1"/>
					<Add directory="/usr/local/include"/>
					<Add directory="/Library/Developer/CommandLineTools/usr/lib/clang/13.1.6/include"/>
					<Add directory="/Library/Developer/CommandLineTools/usr/include"/>
					<Add directory="/System/Library/Frameworks"/>
					<Add directory="/Library/Frameworks"/>
				</Compiler>
				<MakeCommands>
					<Build command="/usr/bin/make -j10 -f &quot;/Users/michael/Library/CloudStorage/OneDrive-WesternReserveAcademy/Pioneer\ Academics/wfc/Makefile&quot;  VERBOSE=1 rand/fast"/>
					<CompileFile command="/usr/bin/make -j10 -f &quot;/Users/michael/Library/CloudStorage/OneDrive-WesternReserveAcademy/Pioneer\ Academics/wfc/Makefile&quot;  VERBOSE=1 &quot;$file&quot;"/>
					<Clean command="/usr/bin/make -j10 -f &quot;/Users/michael/Library/CloudStorage/OneDrive-WesternReserveAcademy/Pioneer\ Academics/wfc/Makefile&quot;  VERBOSE=1 clean"/>
					<DistClean command="/usr/bin/make -j10 -f &quot;/Users/michael/Library/CloudStorage/OneDrive-WesternReserveAcademy/Pioneer\ Academics/wfc/Makefile&quot;  VERBOSE=1 clean"/>
				</MakeCommands>
			</Target>
			<Target title="graph">
				<Option output="/Users/michael/Library/CloudStorage/OneDrive-WesternReserveAcademy/Pioneer Academics/wfc/graph" prefix_auto="0" extension_auto="0"/>
				<Option working_dir="/Users/michael/Library/CloudStorage/OneDrive-WesternReserveAcademy/Pioneer Academics/wfc"/>
				<Option object_output="./"/>
				<Option type="1"/>
				<Option compiler="gcc"/>
				<Compiler>
					<Add directory="/Library/Developer/CommandLineTools/usr/bin/../include/c++/v1"/>
					<Add directory="/usr/local/include"/>
					<Add directory="/Library/Developer/CommandLineTools/usr/lib/clang/13.1.6/include"/>
					<Add directory="/Library/Developer/CommandLineTools/usr/include"/>
					<Add directory="/System/Library/Frameworks"/>
					<Add directory="/Library/Frameworks"/>
				</Compiler>
				<MakeCommands>
					<Build command="/usr/bin/make -j10 -f &quot;/Users/michael/Library/CloudStorage/OneDrive-WesternReserveAcademy/Pioneer\ Academics/wfc/Makefile&quot;  VERBOSE=1 graph"/>
					<CompileFile command="/usr/bin/make -j10 -f &quot;/Users/michael/Library/CloudStorage/OneDrive-WesternReserveAcademy/Pioneer\ Academics/wfc/Makefile&quot;  VERBOSE=1 &quot;$file&quot;"/>
					<Clean command="/usr/bin/make -j10 -f &quot;/Users/michael/Library/CloudStorage/OneDrive-WesternReserveAcademy/Pioneer\ Academics/wfc/Makefile&quot;  VERBOSE=1 clean"/>
					<DistClean command="/usr/bin/make -j10 -f &quot;/Users/michael/Library/CloudStorage/OneDrive-WesternReserveAcademy/Pioneer\ Academics/wfc/Makefile&quot;  VERBOSE=1 clean"/>
				</MakeCommands>
			</Target>
			<Target title="graph/fast">
				<Option output="/Users/michael/Library/CloudStorage/OneDrive-WesternReserveAcademy/Pioneer Academics/wfc/graph" prefix_auto="0" extension_auto="0"/>
				<Option working_dir="/Users/michael/Library/CloudStorage/OneDrive-WesternReserveAcademy/Pioneer Academics/wfc"/>
				<Option object_output="./"/>
				<Option type="1"/>
				<Option compiler="gcc"/>
				<Compiler>
					<Add directory="/Library/Developer/CommandLineTools/usr/bin/../include/c++/v1"/>
					<Add directory="/usr/local/include"/>
					<Add directory="/Library/Developer/CommandLineTools/usr/lib/clang/13.1.6/include"/>
					<Add directory="/Library/Developer/CommandLineTools/usr/include"/>
					<Add directory="/System/Library/Frameworks"/>
					<Add directory="/Library/Frameworks"/>
				</Compiler>
				<MakeCommands>
					<Build command="/usr/bin/make -j10 -f &quot;/Users/michael/Library/CloudStorage/OneDrive-WesternReserveAcademy/Pioneer\ Academics/wfc/Makefile&quot;  VERBOSE=1 graph/fast"/>
					<CompileFile command="/usr/bin/make -j10 -f &quot;/Users/michael/Library/CloudStorage/OneDrive-WesternReserveAcademy/Pioneer\ Academics/wfc/Makefile&quot;  VERBOSE=1 &quot;$file&quot;"/>
					<Clean command="/usr/bin/make -j10 -f &quot;/Users/michael/Library/CloudStorage/OneDrive-WesternReserveAcademy/Pioneer\ Academics/wfc/Makefile&quot;  VERBOSE=1 clean"/>
					<DistClean command="/usr/bin/make -j10 -f &quot;/Users/michael/Library/CloudStorage/OneDrive-WesternReserveAcademy/Pioneer\ Academics/wfc/Makefile&quot;  VERBOSE=1 clean"/>
				</MakeCommands>
			</Target>
			<Target title="ua">
				<Option output="/Users/michael/Library/CloudStorage/OneDrive-WesternReserveAcademy/Pioneer Academics/wfc/ua" prefix_auto="0" extension_auto="0"/>
				<Option working_dir="/Users/michael/Library/CloudStorage/OneDrive-WesternReserveAcademy/Pioneer Academics/wfc"/>
				<Option object_output="./"/>
				<Option type="1"/>
				<Option compiler="gcc"/>
				<Compiler>
					<Add directory="/Library/Developer/CommandLineTools/usr/bin/../include/c++/v1"/>
					<Add directory="/usr/local/include"/>
					<Add directory="/Library/Developer/CommandLineTools/usr/lib/clang/13.1.6/include"/>
					<Add directory="/Library/Developer/CommandLineTools/usr/include"/>
					<Add directory="/System/Library/Frameworks"/>
					<Add directory="/Library/Frameworks"/>
				</Compiler>
				<MakeCommands>
					<Build command="/usr/bin/make -j10 -f &quot;/Users/michael/Library/CloudStorage/OneDrive-WesternReserveAcademy/Pioneer\ Academics/wfc/Makefile&quot;  VERBOSE=1 ua"/>
					<CompileFile command="/usr/bin/make -j10 -f &quot;/Users/michael/Library/CloudStorage/OneDrive-WesternReserveAcademy/Pioneer\ Academics/wfc/Makefile&quot;  VERBOSE=1 &quot;$file&quot;"/>
					<Clean command="/usr/bin/make -j10 -f &quot;/Users/michael/Library/CloudStorage/OneDrive-WesternReserveAcademy/Pioneer\ Academics/wfc/Makefile&quot;  VERBOSE=1 clean"/>
					<DistClean command="/usr/bin/make -j10 -f &quot;/Users/michael/Library/CloudStorage/OneDrive-WesternReserveAcademy/Pioneer\ Academics/wfc/Makefile&quot;  VERBOSE=1 clean"/>
				</MakeCommands>
			</Target>
			<Target title="ua/fast">
				<Option output="/Users/michael/Library/CloudStorage/OneDrive-WesternReserveAcademy/Pioneer Academics/wfc/ua" prefix_auto="0" extension_auto="0"/>
				<Option working_dir="/Users/michael/Library/CloudStorage/OneDrive-WesternReserveAcademy/Pioneer Academics/wfc"/>
				<Option object_output="./"/>
				<Option type="1"/>
				<Option compiler="gcc"/>
				<Compiler>
					<Add directory="/Library/Developer/CommandLineTools/usr/bin/../include/c++/v1"/>
					<Add directory="/usr/local/include"/>
					<Add directory="/Library/Developer/CommandLineTools/usr/lib/clang/13.1.6/include"/>
					<Add directory="/Library/Developer/CommandLineTools/usr/include"/>
					<Add directory="/System/Library/Frameworks"/>
					<Add directory="/Library/Frameworks"/>
				</Compiler>
				<MakeCommands>
					<Build command="/usr/bin/make -j10 -f &quot;/Users/michael/Library/CloudStorage/OneDrive-WesternReserveAcademy/Pioneer\ Academics/wfc/Makefile&quot;  VERBOSE=1 ua/fast"/>
					<CompileFile command="/usr/bin/make -j10 -f &quot;/Users/michael/Library/CloudStorage/OneDrive-WesternReserveAcademy/Pioneer\ Academics/wfc/Makefile&quot;  VERBOSE=1 &quot;$file&quot;"/>
					<Clean command="/usr/bin/make -j10 -f &quot;/Users/michael/Library/CloudStorage/OneDrive-WesternReserveAcademy/Pioneer\ Academics/wfc/Makefile&quot;  VERBOSE=1 clean"/>
					<DistClean command="/usr/bin/make -j10 -f &quot;/Users/michael/Library/CloudStorage/OneDrive-WesternReserveAcademy/Pioneer\ Academics/wfc/Makefile&quot;  VERBOSE=1 clean"/>
				</MakeCommands>
			</Target>
		</Build>
		<Unit filename="/Users/michael/Library/CloudStorage/OneDrive-WesternReserveAcademy/Pioneer Academics/wfc/checkPath.cpp">
			<Option target="check"/>
		</Unit>
		<Unit filename="/Users/michael/Library/CloudStorage/OneDrive-WesternReserveAcademy/Pioneer Academics/wfc/makeGraph.cpp">
			<Option target="graph"/>
		</Unit>
		<Unit filename="/Users/michael/Library/CloudStorage/OneDrive-WesternReserveAcademy/Pioneer Academics/wfc/newPostman.cpp">
			<Option target="mcts"/>
		</Unit>
		<Unit filename="/Users/michael/Library/CloudStorage/OneDrive-WesternReserveAcademy/Pioneer Academics/wfc/randomPostman.cpp">
			<Option target="rand"/>
		</Unit>
		<Unit filename="/Users/michael/Library/CloudStorage/OneDrive-WesternReserveAcademy/Pioneer Academics/wfc/wfcPostman.cpp">
			<Option target="ua"/>
		</Unit>
		<Unit filename="/Users/michael/Library/CloudStorage/OneDrive-WesternReserveAcademy/Pioneer Academics/wfc/CMakeLists.txt">
			<Option virtualFolder="CMake Files\"/>
		</Unit>
	</Project>
</CodeBlocks_project_file>
